4573596378100576102987103052103067103081103098103114103133103146110510110528110542110555110569111432111450111471111484111499111512111530111543111556111576111590111603111616111635111648111661111674111689111708111721111736111750111763111788111807111825111838111851111864111876111889111902111915111933111946111964111998112014112033112098112112112126112139112152112165112178112191112206112219112232112247112261112274112288112306